
Microsoft Visual Studio Solution File, Format Version 12.00
# Visual Studio Version 17
VisualStudioVersion = 17.4.33213.308
MinimumVisualStudioVersion = 10.0.40219.1
Project("{FAE04EC0-301F-11D3-BF4B-00C04F79EFBC}") = "be-quan-li-dao-tao.API", "be-quan-li-dao-tao.API\be-quan-li-dao-tao.API.csproj", "{6B41369B-006A-403C-B6CB-78A0AFBBE6CE}"
EndProject
Project("{FAE04EC0-301F-11D3-BF4B-00C04F79EFBC}") = "be-quan-li-dao-tao.BL", "be-quan-li-dao-tao.BL\be-quan-li-dao-tao.BL.csproj", "{ED606895-5750-4794-B4E4-1892D6C45089}"
EndProject
Project("{FAE04EC0-301F-11D3-BF4B-00C04F79EFBC}") = "be-quan-li-dao-tao.DL", "be-quan-li-dao-tao.DL\be-quan-li-dao-tao.DL.csproj", "{C0B7A434-6C20-4BC3-9EC4-F7AA68A010CC}"
EndProject
Global
	GlobalSection(SolutionConfigurationPlatforms) = preSolution
		Debug|Any CPU = Debug|Any CPU
		Release|Any CPU = Release|Any CPU
	EndGlobalSection
	GlobalSection(ProjectConfigurationPlatforms) = postSolution
		{6B41369B-006A-403C-B6CB-78A0AFBBE6CE}.Debug|Any CPU.ActiveCfg = Debug|Any CPU
		{6B41369B-006A-403C-B6CB-78A0AFBBE6CE}.Debug|Any CPU.Build.0 = Debug|Any CPU
		{6B41369B-006A-403C-B6CB-78A0AFBBE6CE}.Release|Any CPU.ActiveCfg = Release|Any CPU
		{6B41369B-006A-403C-B6CB-78A0AFBBE6CE}.Release|Any CPU.Build.0 = Release|Any CPU
		{ED606895-5750-4794-B4E4-1892D6C45089}.Debug|Any CPU.ActiveCfg = Debug|Any CPU
		{ED606895-5750-4794-B4E4-1892D6C45089}.Debug|Any CPU.Build.0 = Debug|Any CPU
		{ED606895-5750-4794-B4E4-1892D6C45089}.Release|Any CPU.ActiveCfg = Release|Any CPU
		{ED606895-5750-4794-B4E4-1892D6C45089}.Release|Any CPU.Build.0 = Release|Any CPU
		{C0B7A434-6C20-4BC3-9EC4-F7AA68A010CC}.Debug|Any CPU.ActiveCfg = Debug|Any CPU
		{C0B7A434-6C20-4BC3-9EC4-F7AA68A010CC}.Debug|Any CPU.Build.0 = Debug|Any CPU
		{C0B7A434-6C20-4BC3-9EC4-F7AA68A010CC}.Release|Any CPU.ActiveCfg = Release|Any CPU
		{C0B7A434-6C20-4BC3-9EC4-F7AA68A010CC}.Release|Any CPU.Build.0 = Release|Any CPU
	EndGlobalSection
	GlobalSection(SolutionProperties) = preSolution
		HideSolutionNode = FALSE
	EndGlobalSection
	GlobalSection(ExtensibilityGlobals) = postSolution
		SolutionGuid = {6D2C15CE-0CC0-490F-ADC3-89F44D6B476A}
	EndGlobalSection
EndGlobal
